// !$*UTF8*$!
{
	archiveVersion = 1;
	classes = {
	};
	objectVersion = 50;
	objects = {

/* Begin PBXBuildFile section */
		960D452326747E9300FC5497 /* AppDelegate.swift in Sources */ = {isa = PBXBuildFile; fileRef = 960D452226747E9300FC5497 /* AppDelegate.swift */; };
		960D452526747E9300FC5497 /* SceneDelegate.swift in Sources */ = {isa = PBXBuildFile; fileRef = 960D452426747E9300FC5497 /* SceneDelegate.swift */; };
		960D452726747E9300FC5497 /* ContentView.swift in Sources */ = {isa = PBXBuildFile; fileRef = 960D452626747E9300FC5497 /* ContentView.swift */; };
		960D452A26747E9300FC5497 /* PdpFacebook.xcdatamodeld in Sources */ = {isa = PBXBuildFile; fileRef = 960D452826747E9300FC5497 /* PdpFacebook.xcdatamodeld */; };
		960D452C26747E9500FC5497 /* Assets.xcassets in Resources */ = {isa = PBXBuildFile; fileRef = 960D452B26747E9500FC5497 /* Assets.xcassets */; };
		960D452F26747E9500FC5497 /* Preview Assets.xcassets in Resources */ = {isa = PBXBuildFile; fileRef = 960D452E26747E9500FC5497 /* Preview Assets.xcassets */; };
		960D453226747E9500FC5497 /* LaunchScreen.storyboard in Resources */ = {isa = PBXBuildFile; fileRef = 960D453026747E9500FC5497 /* LaunchScreen.storyboard */; };
/* End PBXBuildFile section */

/* Begin PBXFileReference section */
		960D451F26747E9300FC5497 /* PdpFacebook.app */ = {isa = PBXFileReference; explicitFileType = wrapper.application; includeInIndex = 0; path = PdpFacebook.app; sourceTree = BUILT_PRODUCTS_DIR; };
		960D452226747E9300FC5497 /* AppDelegate.swift */ = {isa = PBXFileReference; lastKnownFileType = sourcecode.swift; path = AppDelegate.swift; sourceTree = "<group>"; };
		960D452426747E9300FC5497 /* SceneDelegate.swift */ = {isa = PBXFileReference; lastKnownFileType = sourcecode.swift; path = SceneDelegate.swift; sourceTree = "<group>"; };
		960D452626747E9300FC5497 /* ContentView.swift */ = {isa = PBXFileReference; lastKnownFileType = sourcecode.swift; path = ContentView.swift; sourceTree = "<group>"; };
		960D452926747E9300FC5497 /* PdpFacebook.xcdatamodel */ = {isa = PBXFileReference; lastKnownFileType = wrapper.xcdatamodel; path = PdpFacebook.xcdatamodel; sourceTree = "<group>"; };
		960D452B26747E9500FC5497 /* Assets.xcassets */ = {isa = PBXFileReference; lastKnownFileType = folder.assetcatalog; path = Assets.xcassets; sourceTree = "<group>"; };
		960D452E26747E9500FC5497 /* Preview Assets.xcassets */ = {isa = PBXFileReference; lastKnownFileType = folder.assetcatalog; path = "Preview Assets.xcassets"; sourceTree = "<group>"; };
		960D453126747E9500FC5497 /* Base */ = {isa = PBXFileReference; lastKnownFileType = file.storyboard; name = Base; path = Base.lproj/LaunchScreen.storyboard; sourceTree = "<group>"; };
		960D453326747E9500FC5497 /* Info.plist */ = {isa = PBXFileReference; lastKnownFileType = text.plist.xml; path = Info.plist; sourceTree = "<group>"; };
/* End PBXFileReference section */

/* Begin PBXFrameworksBuildPhase section */
		960D451C26747E9300FC5497 /* Frameworks */ = {
			isa = PBXFrameworksBuildPhase;
			buildActionMask = 2147483647;
			files = (
			);
			runOnlyForDeploymentPostprocessing = 0;
		};
/* End PBXFrameworksBuildPhase section */

/* Begin PBXGroup section */
		960D451626747E9300FC5497 = {
			isa = PBXGroup;
			children = (
				960D452126747E9300FC5497 /* PdpFacebook */,
				960D452026747E9300FC5497 /* Products */,
			);
			sourceTree = "<group>";
		};
		960D452026747E9300FC5497 /* Products */ = {
			isa = PBXGroup;
			children = (
				960D451F26747E9300FC5497 /* PdpFacebook.app */,
			);
			name = Products;
			sourceTree = "<group>";
		};
		960D452126747E9300FC5497 /* PdpFacebook */ = {
			isa = PBXGroup;
			children = (
				960D452226747E9300FC5497 /* AppDelegate.swift */,
				960D452426747E9300FC5497 /* SceneDelegate.swift */,
				960D452626747E9300FC5497 /* ContentView.swift */,
				960D452B26747E9500FC5497 /* Assets.xcassets */,
				960D453026747E9500FC5497 /* LaunchScreen.storyboard */,
				960D453326747E9500FC5497 /* Info.plist */,
				960D452826747E9300FC5497 /* PdpFacebook.xcdatamodeld */,
				960D452D26747E9500FC5497 /* Preview Content */,
			);
			path = PdpFacebook;
			sourceTree = "<group>";
		};
		960D452D26747E9500FC5497 /* Preview Content */ = {
			isa = PBXGroup;
			children = (
				960D452E26747E9500FC5497 /* Preview Assets.xcassets */,
			);
			path = "Preview Content";
			sourceTree = "<group>";
		};
/* End PBXGroup section */

/* Begin PBXNativeTarget section */
		960D451E26747E9300FC5497 /* PdpFacebook */ = {
			isa = PBXNativeTarget;
			buildConfigurationList = 960D453626747E9500FC5497 /* Build configuration list for PBXNativeTarget "PdpFacebook" */;
			buildPhases = (
				960D451B26747E9300FC5497 /* Sources */,
				960D451C26747E9300FC5497 /* Frameworks */,
				960D451D26747E9300FC5497 /* Resources */,
			);
			buildRules = (
			);
			dependencies = (
			);
			name = PdpFacebook;
			productName = PdpFacebook;
			productReference = 960D451F26747E9300FC5497 /* PdpFacebook.app */;
			productType = "com.apple.product-type.application";
		};
/* End PBXNativeTarget section */

/* Begin PBXProject section */
		960D451726747E9300FC5497 /* Project object */ = {
			isa = PBXProject;
			attributes = {
				LastSwiftUpdateCheck = 1250;
				LastUpgradeCheck = 1250;
				TargetAttributes = {
					960D451E26747E9300FC5497 = {
						CreatedOnToolsVersion = 12.5;
					};
				};
			};
			buildConfigurationList = 960D451A26747E9300FC5497 /* Build configuration list for PBXProject "PdpFacebook" */;
			compatibilityVersion = "Xcode 9.3";
			developmentRegion = en;
			hasScannedForEncodings = 0;
			knownRegions = (
				en,
				Base,
			);
			mainGroup = 960D451626747E9300FC5497;
			productRefGroup = 960D452026747E9300FC5497 /* Products */;
			projectDirPath = "";
			projectRoot = "";
			targets = (
				960D451E26747E9300FC5497 /* PdpFacebook */,
			);
		};
/* End PBXProject section */

/* Begin PBXResourcesBuildPhase section */
		960D451D26747E9300FC5497 /* Resources */ = {
			isa = PBXResourcesBuildPhase;
			buildActionMask = 2147483647;
			files = (
				960D453226747E9500FC5497 /* LaunchScreen.storyboard in Resources */,
				960D452F26747E9500FC5497 /* Preview Assets.xcassets in Resources */,
				960D452C26747E9500FC5497 /* Assets.xcassets in Resources */,
			);
			runOnlyForDeploymentPostprocessing = 0;
		};
/* End PBXResourcesBuildPhase section */

/* Begin PBXSourcesBuildPhase section */
		960D451B26747E9300FC5497 /* Sources */ = {
			isa = PBXSourcesBuildPhase;
			buildActionMask = 2147483647;
			files = (
				960D452326747E9300FC5497 /* AppDelegate.swift in Sources */,
				960D452526747E9300FC5497 /* SceneDelegate.swift in Sources */,
				960D452A26747E9300FC5497 /* PdpFacebook.xcdatamodeld in Sources */,
				960D452726747E9300FC5497 /* ContentView.swift in Sources */,
			);
			runOnlyForDeploymentPostprocessing = 0;
		};
/* End PBXSourcesBuildPhase section */

/* Begin PBXVariantGroup section */
		960D453026747E9500FC5497 /* LaunchScreen.storyboard */ = {
			isa = PBXVariantGroup;
			children = (
				960D453126747E9500FC5497 /* Base */,
			);
			name = LaunchScreen.storyboard;
			sourceTree = "<group>";
		};
/* End PBXVariantGroup section */

/* Begin XCBuildConfiguration section */
		960D453426747E9500FC5497 /* Debug */ = {
			isa = XCBuildConfiguration;
			buildSettings = {
				ALWAYS_SEARCH_USER_PATHS = NO;
				CLANG_ANALYZER_NONNULL = YES;
				CLANG_ANALYZER_NUMBER_OBJECT_CONVERSION = YES_AGGRESSIVE;
				CLANG_CXX_LANGUAGE_STANDARD = "gnu++14";
				CLANG_CXX_LIBRARY = "libc++";
				CLANG_ENABLE_MODULES = YES;
				CLANG_ENABLE_OBJC_ARC = YES;
				CLANG_ENABLE_OBJC_WEAK = YES;
				CLANG_WARN_BLOCK_CAPTURE_AUTORELEASING = YES;
				CLANG_WARN_BOOL_CONVERSION = YES;
				CLANG_WARN_COMMA = YES;
				CLANG_WARN_CONSTANT_CONVERSION = YES;
				CLANG_WARN_DEPRECATED_OBJC_IMPLEMENTATIONS = YES;
				CLANG_WARN_DIRECT_OBJC_ISA_USAGE = YES_ERROR;
				CLANG_WARN_DOCUMENTATION_COMMENTS = YES;
				CLANG_WARN_EMPTY_BODY = YES;
				CLANG_WARN_ENUM_CONVERSION = YES;
				CLANG_WARN_INFINITE_RECURSION = YES;
				CLANG_WARN_INT_CONVERSION = YES;
				CLANG_WARN_NON_LITERAL_NULL_CONVERSION = YES;
				CLANG_WARN_OBJC_IMPLICIT_RETAIN_SELF = YES;
				CLANG_WARN_OBJC_LITERAL_CONVERSION = YES;
				CLANG_WARN_OBJC_ROOT_CLASS = YES_ERROR;
				CLANG_WARN_QUOTED_INCLUDE_IN_FRAMEWORK_HEADER = YES;
				CLANG_WARN_RANGE_LOOP_ANALYSIS = YES;
				CLANG_WARN_STRICT_PROTOTYPES = YES;
				CLANG_WARN_SUSPICIOUS_MOVE = YES;
				CLANG_WARN_UNGUARDED_AVAILABILITY = YES_AGGRESSIVE;
				CLANG_WARN_UNREACHABLE_CODE = YES;
				CLANG_WARN__DUPLICATE_METHOD_MATCH = YES;
				COPY_PHASE_STRIP = NO;
				DEBUG_INFORMATION_FORMAT = dwarf;
				ENABLE_STRICT_OBJC_MSGSEND = YES;
				ENABLE_TESTABILITY = YES;
				GCC_C_LANGUAGE_STANDARD = gnu11;
				GCC_DYNAMIC_NO_PIC = NO;
				GCC_NO_COMMON_BLOCKS = YES;
				GCC_OPTIMIZATION_LEVEL = 0;
				GCC_PREPROCESSOR_DEFINITIONS = (
					"DEBUG=1",
					"$(inherited)",
				);
				GCC_WARN_64_TO_32_BIT_CONVERSION = YES;
				GCC_WARN_ABOUT_RETURN_TYPE = YES_ERROR;
				GCC_WARN_UNDECLARED_SELECTOR = YES;
				GCC_WARN_UNINITIALIZED_AUTOS = YES_AGGRESSIVE;
				GCC_WARN_UNUSED_FUNCTION = YES;
				GCC_WARN_UNUSED_VARIABLE = YES;
				IPHONEOS_DEPLOYMENT_TARGET = 14.5;
				MTL_ENABLE_DEBUG_INFO = INCLUDE_SOURCE;
				MTL_FAST_MATH = YES;
				ONLY_ACTIVE_ARCH = YES;
				SDKROOT = iphoneos;
				SWIFT_ACTIVE_COMPILATION_CONDITIONS = DEBUG;
				SWIFT_OPTIMIZATION_LEVEL = "-Onone";
			};
			name = Debug;
		};
		960D453526747E9500FC5497 /* Release */ = {
			isa = XCBuildConfiguration;
			buildSettings = {
				ALWAYS_SEARCH_USER_PATHS = NO;
				CLANG_ANALYZER_NONNULL = YES;
				CLANG_ANALYZER_NUMBER_OBJECT_CONVERSION = YES_AGGRESSIVE;
				CLANG_CXX_LANGUAGE_STANDARD = "gnu++14";
				CLANG_CXX_LIBRARY = "libc++";
				CLANG_ENABLE_MODULES = YES;
				CLANG_ENABLE_OBJC_ARC = YES;
				CLANG_ENABLE_OBJC_WEAK = YES;
				CLANG_WARN_BLOCK_CAPTURE_AUTORELEASING = YES;
				CLANG_WARN_BOOL_CONVERSION = YES;
				CLANG_WARN_COMMA = YES;
				CLANG_WARN_CONSTANT_CONVERSION = YES;
				CLANG_WARN_DEPRECATED_OBJC_IMPLEMENTATIONS = YES;
				CLANG_WARN_DIRECT_OBJC_ISA_USAGE = YES_ERROR;
				CLANG_WARN_DOCUMENTATION_COMMENTS = YES;
				CLANG_WARN_EMPTY_BODY = YES;
				CLANG_WARN_ENUM_CONVERSION = YES;
				CLANG_WARN_INFINITE_RECURSION = YES;
				CLANG_WARN_INT_CONVERSION = YES;
				CLANG_WARN_NON_LITERAL_NULL_CONVERSION = YES;
				CLANG_WARN_OBJC_IMPLICIT_RETAIN_SELF = YES;
				CLANG_WARN_OBJC_LITERAL_CONVERSION = YES;
				CLANG_WARN_OBJC_ROOT_CLASS = YES_ERROR;
				CLANG_WARN_QUOTED_INCLUDE_IN_FRAMEWORK_HEADER = YES;
				CLANG_WARN_RANGE_LOOP_ANALYSIS = YES;
				CLANG_WARN_STRICT_PROTOTYPES = YES;
				CLANG_WARN_SUSPICIOUS_MOVE = YES;
				CLANG_WARN_UNGUARDED_AVAILABILITY = YES_AGGRESSIVE;
				CLANG_WARN_UNREACHABLE_CODE = YES;
				CLANG_WARN__DUPLICATE_METHOD_MATCH = YES;
				COPY_PHASE_STRIP = NO;
				DEBUG_INFORMATION_FORMAT = "dwarf-with-dsym";
				ENABLE_NS_ASSERTIONS = NO;
				ENABLE_STRICT_OBJC_MSGSEND = YES;
				GCC_C_LANGUAGE_STANDARD = gnu11;
				GCC_NO_COMMON_BLOCKS = YES;
				GCC_WARN_64_TO_32_BIT_CONVERSION = YES;
				GCC_WARN_ABOUT_RETURN_TYPE = YES_ERROR;
				GCC_WARN_UNDECLARED_SELECTOR = YES;
				GCC_WARN_UNINITIALIZED_AUTOS = YES_AGGRESSIVE;
				GCC_WARN_UNUSED_FUNCTION = YES;
				GCC_WARN_UNUSED_VARIABLE = YES;
				IPHONEOS_DEPLOYMENT_TARGET = 14.5;
				MTL_ENABLE_DEBUG_INFO = NO;
				MTL_FAST_MATH = YES;
				SDKROOT = iphoneos;
				SWIFT_COMPILATION_MODE = wholemodule;
				SWIFT_OPTIMIZATION_LEVEL = "-O";
				VALIDATE_PRODUCT = YES;
			};
			name = Release;
		};
		960D453726747E9500FC5497 /* Debug */ = {
			isa = XCBuildConfiguration;
			buildSettings = {
				ASSETCATALOG_COMPILER_APPICON_NAME = AppIcon;
				ASSETCATALOG_COMPILER_GLOBAL_ACCENT_COLOR_NAME = AccentColor;
				CODE_SIGN_STYLE = Automatic;
				DEVELOPMENT_ASSET_PATHS = "\"PdpFacebook/Preview Content\"";
				ENABLE_PREVIEWS = YES;
				INFOPLIST_FILE = PdpFacebook/Info.plist;
				LD_RUNPATH_SEARCH_PATHS = (
					"$(inherited)",
					"@executable_path/Frameworks",
				);
				PRODUCT_BUNDLE_IDENTIFIER = MySoft.PdpFacebook;
				PRODUCT_NAME = "$(TARGET_NAME)";
				SWIFT_VERSION = 5.0;
				TARGETED_DEVICE_FAMILY = "1,2";
			};
			name = Debug;
		};
		960D453826747E9500FC5497 /* Release */ = {
			isa = XCBuildConfiguration;
			buildSettings = {
				ASSETCATALOG_COMPILER_APPICON_NAME = AppIcon;
				ASSETCATALOG_COMPILER_GLOBAL_ACCENT_COLOR_NAME = AccentColor;
				CODE_SIGN_STYLE = Automatic;
				DEVELOPMENT_ASSET_PATHS = "\"PdpFacebook/Preview Content\"";
				ENABLE_PREVIEWS = YES;
				INFOPLIST_FILE = PdpFacebook/Info.plist;
				LD_RUNPATH_SEARCH_PATHS = (
					"$(inherited)",
					"@executable_path/Frameworks",
				);
				PRODUCT_BUNDLE_IDENTIFIER = MySoft.PdpFacebook;
				PRODUCT_NAME = "$(TARGET_NAME)";
				SWIFT_VERSION = 5.0;
				TARGETED_DEVICE_FAMILY = "1,2";
			};
			name = Release;
		};
/* End XCBuildConfiguration section */

/* Begin XCConfigurationList section */
		960D451A26747E9300FC5497 /* Build configuration list for PBXProject "PdpFacebook" */ = {
			isa = XCConfigurationList;
			buildConfigurations = (
				960D453426747E9500FC5497 /* Debug */,
				960D453526747E9500FC5497 /* Release */,
			);
			defaultConfigurationIsVisible = 0;
			defaultConfigurationName = Release;
		};
		960D453626747E9500FC5497 /* Build configuration list for PBXNativeTarget "PdpFacebook" */ = {
			isa = XCConfigurationList;
			buildConfigurations = (
				960D453726747E9500FC5497 /* Debug */,
				960D453826747E9500FC5497 /* Release */,
			);
			defaultConfigurationIsVisible = 0;
			defaultConfigurationName = Release;
		};
/* End XCConfigurationList section */

/* Begin XCVersionGroup section */
		960D452826747E9300FC5497 /* PdpFacebook.xcdatamodeld */ = {
			isa = XCVersionGroup;
			children = (
				960D452926747E9300FC5497 /* PdpFacebook.xcdatamodel */,
			);
			currentVersion = 960D452926747E9300FC5497 /* PdpFacebook.xcdatamodel */;
			path = PdpFacebook.xcdatamodeld;
			sourceTree = "<group>";
			versionGroupType = wrapper.xcdatamodel;
		};
/* End XCVersionGroup section */
	};
	rootObject = 960D451726747E9300FC5497 /* Project object */;
}
